// !$*UTF8*$!
{
	archiveVersion = 1;
	classes = {
	};
	objectVersion = 50;
	objects = {

/* Begin PBXBuildFile section */
		520D02AA231C606700E9B49F /* ItemViewController.swift in Sources */ = {isa = PBXBuildFile; fileRef = 520D02A9231C606700E9B49F /* ItemViewController.swift */; };
		5230D7D9231EE76000BC7F61 /* OrderTableViewController.swift in Sources */ = {isa = PBXBuildFile; fileRef = 5230D7D8231EE76000BC7F61 /* OrderTableViewController.swift */; };
		5230D7DB231EE7D000BC7F61 /* Order.swift in Sources */ = {isa = PBXBuildFile; fileRef = 5230D7DA231EE7D000BC7F61 /* Order.swift */; };
		5230D7DD231F115000BC7F61 /* OrderManager.swift in Sources */ = {isa = PBXBuildFile; fileRef = 5230D7DC231F115000BC7F61 /* OrderManager.swift */; };
		52365C34231AA680009CEC96 /* AppDelegate.swift in Sources */ = {isa = PBXBuildFile; fileRef = 52365C33231AA680009CEC96 /* AppDelegate.swift */; };
		52365C39231AA680009CEC96 /* Main.storyboard in Resources */ = {isa = PBXBuildFile; fileRef = 52365C37231AA680009CEC96 /* Main.storyboard */; };
		52365C3B231AA682009CEC96 /* Assets.xcassets in Resources */ = {isa = PBXBuildFile; fileRef = 52365C3A231AA682009CEC96 /* Assets.xcassets */; };
		52365C3E231AA682009CEC96 /* LaunchScreen.storyboard in Resources */ = {isa = PBXBuildFile; fileRef = 52365C3C231AA682009CEC96 /* LaunchScreen.storyboard */; };
		52365C4B231AAF93009CEC96 /* Categories.swift in Sources */ = {isa = PBXBuildFile; fileRef = 52365C4A231AAF93009CEC96 /* Categories.swift */; };
		52365C4E231AB091009CEC96 /* NetworkManager.swift in Sources */ = {isa = PBXBuildFile; fileRef = 52365C4D231AB091009CEC96 /* NetworkManager.swift */; };
		52365C50231B05C9009CEC96 /* CategoryTableViewController.swift in Sources */ = {isa = PBXBuildFile; fileRef = 52365C4F231B05C9009CEC96 /* CategoryTableViewController.swift */; };
		52365C52231B0F4C009CEC96 /* CellManager.swift in Sources */ = {isa = PBXBuildFile; fileRef = 52365C51231B0F4C009CEC96 /* CellManager.swift */; };
		5275EAF3231B2A5D0061DC28 /* MenuItem.swift in Sources */ = {isa = PBXBuildFile; fileRef = 5275EAF2231B2A5D0061DC28 /* MenuItem.swift */; };
		5275EAF5231B2A970061DC28 /* MenuItems.swift in Sources */ = {isa = PBXBuildFile; fileRef = 5275EAF4231B2A970061DC28 /* MenuItems.swift */; };
		5275EAF8231B2E1F0061DC28 /* URL + Extension.swift in Sources */ = {isa = PBXBuildFile; fileRef = 5275EAF7231B2E1F0061DC28 /* URL + Extension.swift */; };
		52947882231BC19800E14DF0 /* MenuTableViewController.swift in Sources */ = {isa = PBXBuildFile; fileRef = 52947881231BC19800E14DF0 /* MenuTableViewController.swift */; };
		52EFAF37231FB0CF00345692 /* OrderConfirmationViewController.swift in Sources */ = {isa = PBXBuildFile; fileRef = 52EFAF36231FB0CF00345692 /* OrderConfirmationViewController.swift */; };
		52EFAF39231FB79100345692 /* Double + Extension.swift in Sources */ = {isa = PBXBuildFile; fileRef = 52EFAF38231FB79100345692 /* Double + Extension.swift */; };
		52EFAF3B231FD4BF00345692 /* PreperationTime.swift in Sources */ = {isa = PBXBuildFile; fileRef = 52EFAF3A231FD4BF00345692 /* PreperationTime.swift */; };
/* End PBXBuildFile section */

/* Begin PBXFileReference section */
		520D02A9231C606700E9B49F /* ItemViewController.swift */ = {isa = PBXFileReference; lastKnownFileType = sourcecode.swift; path = ItemViewController.swift; sourceTree = "<group>"; };
		5230D7D8231EE76000BC7F61 /* OrderTableViewController.swift */ = {isa = PBXFileReference; lastKnownFileType = sourcecode.swift; path = OrderTableViewController.swift; sourceTree = "<group>"; };
		5230D7DA231EE7D000BC7F61 /* Order.swift */ = {isa = PBXFileReference; lastKnownFileType = sourcecode.swift; path = Order.swift; sourceTree = "<group>"; };
		5230D7DC231F115000BC7F61 /* OrderManager.swift */ = {isa = PBXFileReference; lastKnownFileType = sourcecode.swift; path = OrderManager.swift; sourceTree = "<group>"; };
		52365C30231AA680009CEC96 /* Restaurant.app */ = {isa = PBXFileReference; explicitFileType = wrapper.application; includeInIndex = 0; path = Restaurant.app; sourceTree = BUILT_PRODUCTS_DIR; };
		52365C33231AA680009CEC96 /* AppDelegate.swift */ = {isa = PBXFileReference; lastKnownFileType = sourcecode.swift; path = AppDelegate.swift; sourceTree = "<group>"; };
		52365C38231AA680009CEC96 /* Base */ = {isa = PBXFileReference; lastKnownFileType = file.storyboard; name = Base; path = Base.lproj/Main.storyboard; sourceTree = "<group>"; };
		52365C3A231AA682009CEC96 /* Assets.xcassets */ = {isa = PBXFileReference; lastKnownFileType = folder.assetcatalog; path = Assets.xcassets; sourceTree = "<group>"; };
		52365C3D231AA682009CEC96 /* Base */ = {isa = PBXFileReference; lastKnownFileType = file.storyboard; name = Base; path = Base.lproj/LaunchScreen.storyboard; sourceTree = "<group>"; };
		52365C3F231AA682009CEC96 /* Info.plist */ = {isa = PBXFileReference; lastKnownFileType = text.plist.xml; path = Info.plist; sourceTree = "<group>"; };
		52365C4A231AAF93009CEC96 /* Categories.swift */ = {isa = PBXFileReference; lastKnownFileType = sourcecode.swift; path = Categories.swift; sourceTree = "<group>"; };
		52365C4D231AB091009CEC96 /* NetworkManager.swift */ = {isa = PBXFileReference; lastKnownFileType = sourcecode.swift; path = NetworkManager.swift; sourceTree = "<group>"; };
		52365C4F231B05C9009CEC96 /* CategoryTableViewController.swift */ = {isa = PBXFileReference; lastKnownFileType = sourcecode.swift; path = CategoryTableViewController.swift; sourceTree = "<group>"; };
		52365C51231B0F4C009CEC96 /* CellManager.swift */ = {isa = PBXFileReference; lastKnownFileType = sourcecode.swift; path = CellManager.swift; sourceTree = "<group>"; };
		5275EAF2231B2A5D0061DC28 /* MenuItem.swift */ = {isa = PBXFileReference; lastKnownFileType = sourcecode.swift; path = MenuItem.swift; sourceTree = "<group>"; };
		5275EAF4231B2A970061DC28 /* MenuItems.swift */ = {isa = PBXFileReference; lastKnownFileType = sourcecode.swift; path = MenuItems.swift; sourceTree = "<group>"; };
		5275EAF7231B2E1F0061DC28 /* URL + Extension.swift */ = {isa = PBXFileReference; lastKnownFileType = sourcecode.swift; path = "URL + Extension.swift"; sourceTree = "<group>"; };
		52947881231BC19800E14DF0 /* MenuTableViewController.swift */ = {isa = PBXFileReference; lastKnownFileType = sourcecode.swift; path = MenuTableViewController.swift; sourceTree = "<group>"; };
		52EFAF36231FB0CF00345692 /* OrderConfirmationViewController.swift */ = {isa = PBXFileReference; lastKnownFileType = sourcecode.swift; path = OrderConfirmationViewController.swift; sourceTree = "<group>"; };
		52EFAF38231FB79100345692 /* Double + Extension.swift */ = {isa = PBXFileReference; lastKnownFileType = sourcecode.swift; path = "Double + Extension.swift"; sourceTree = "<group>"; };
		52EFAF3A231FD4BF00345692 /* PreperationTime.swift */ = {isa = PBXFileReference; lastKnownFileType = sourcecode.swift; path = PreperationTime.swift; sourceTree = "<group>"; };
/* End PBXFileReference section */

/* Begin PBXFrameworksBuildPhase section */
		52365C2D231AA680009CEC96 /* Frameworks */ = {
			isa = PBXFrameworksBuildPhase;
			buildActionMask = 2147483647;
			files = (
			);
			runOnlyForDeploymentPostprocessing = 0;
		};
/* End PBXFrameworksBuildPhase section */

/* Begin PBXGroup section */
		52365C27231AA680009CEC96 = {
			isa = PBXGroup;
			children = (
				52365C31231AA680009CEC96 /* Products */,
				52365C32231AA680009CEC96 /* Restaurant */,
			);
			sourceTree = "<group>";
		};
		52365C31231AA680009CEC96 /* Products */ = {
			isa = PBXGroup;
			children = (
				52365C30231AA680009CEC96 /* Restaurant.app */,
			);
			name = Products;
			sourceTree = "<group>";
		};
		52365C32231AA680009CEC96 /* Restaurant */ = {
			isa = PBXGroup;
			children = (
				5275EAF6231B2DEF0061DC28 /* Extensions */,
				52365C45231AA6C2009CEC96 /* App */,
				52365C46231AA6D9009CEC96 /* Controllers */,
				52365C4C231AB04E009CEC96 /* Manager */,
				52365C49231AAF64009CEC96 /* Models */,
				52365C48231AA707009CEC96 /* Resources */,
				52365C47231AA6F6009CEC96 /* Storyboards */,
			);
			path = Restaurant;
			sourceTree = "<group>";
		};
		52365C45231AA6C2009CEC96 /* App */ = {
			isa = PBXGroup;
			children = (
				52365C33231AA680009CEC96 /* AppDelegate.swift */,
				52365C3F231AA682009CEC96 /* Info.plist */,
			);
			path = App;
			sourceTree = "<group>";
		};
		52365C46231AA6D9009CEC96 /* Controllers */ = {
			isa = PBXGroup;
			children = (
				52365C4F231B05C9009CEC96 /* CategoryTableViewController.swift */,
				52947881231BC19800E14DF0 /* MenuTableViewController.swift */,
				520D02A9231C606700E9B49F /* ItemViewController.swift */,
				5230D7D8231EE76000BC7F61 /* OrderTableViewController.swift */,
				52EFAF36231FB0CF00345692 /* OrderConfirmationViewController.swift */,
			);
			path = Controllers;
			sourceTree = "<group>";
		};
		52365C47231AA6F6009CEC96 /* Storyboards */ = {
			isa = PBXGroup;
			children = (
				52365C37231AA680009CEC96 /* Main.storyboard */,
				52365C3C231AA682009CEC96 /* LaunchScreen.storyboard */,
			);
			path = Storyboards;
			sourceTree = "<group>";
		};
		52365C48231AA707009CEC96 /* Resources */ = {
			isa = PBXGroup;
			children = (
				52365C3A231AA682009CEC96 /* Assets.xcassets */,
			);
			path = Resources;
			sourceTree = "<group>";
		};
		52365C49231AAF64009CEC96 /* Models */ = {
			isa = PBXGroup;
			children = (
				52365C4A231AAF93009CEC96 /* Categories.swift */,
				5275EAF2231B2A5D0061DC28 /* MenuItem.swift */,
				5275EAF4231B2A970061DC28 /* MenuItems.swift */,
				5230D7DA231EE7D000BC7F61 /* Order.swift */,
				52EFAF3A231FD4BF00345692 /* PreperationTime.swift */,
			);
			path = Models;
			sourceTree = "<group>";
		};
		52365C4C231AB04E009CEC96 /* Manager */ = {
			isa = PBXGroup;
			children = (
				52365C4D231AB091009CEC96 /* NetworkManager.swift */,
				52365C51231B0F4C009CEC96 /* CellManager.swift */,
				5230D7DC231F115000BC7F61 /* OrderManager.swift */,
			);
			path = Manager;
			sourceTree = "<group>";
		};
		5275EAF6231B2DEF0061DC28 /* Extensions */ = {
			isa = PBXGroup;
			children = (
				5275EAF7231B2E1F0061DC28 /* URL + Extension.swift */,
				52EFAF38231FB79100345692 /* Double + Extension.swift */,
			);
			path = Extensions;
			sourceTree = "<group>";
		};
/* End PBXGroup section */

/* Begin PBXNativeTarget section */
		52365C2F231AA680009CEC96 /* Restaurant */ = {
			isa = PBXNativeTarget;
			buildConfigurationList = 52365C42231AA682009CEC96 /* Build configuration list for PBXNativeTarget "Restaurant" */;
			buildPhases = (
				52365C2C231AA680009CEC96 /* Sources */,
				52365C2D231AA680009CEC96 /* Frameworks */,
				52365C2E231AA680009CEC96 /* Resources */,
			);
			buildRules = (
			);
			dependencies = (
			);
			name = Restaurant;
			productName = Restaurant;
			productReference = 52365C30231AA680009CEC96 /* Restaurant.app */;
			productType = "com.apple.product-type.application";
		};
/* End PBXNativeTarget section */

/* Begin PBXProject section */
		52365C28231AA680009CEC96 /* Project object */ = {
			isa = PBXProject;
			attributes = {
				LastSwiftUpdateCheck = 1030;
				LastUpgradeCheck = 1030;
				ORGANIZATIONNAME = "John Kostanov";
				TargetAttributes = {
					52365C2F231AA680009CEC96 = {
						CreatedOnToolsVersion = 10.3;
					};
				};
			};
			buildConfigurationList = 52365C2B231AA680009CEC96 /* Build configuration list for PBXProject "Restaurant" */;
			compatibilityVersion = "Xcode 9.3";
			developmentRegion = en;
			hasScannedForEncodings = 0;
			knownRegions = (
				en,
				Base,
			);
			mainGroup = 52365C27231AA680009CEC96;
			productRefGroup = 52365C31231AA680009CEC96 /* Products */;
			projectDirPath = "";
			projectRoot = "";
			targets = (
				52365C2F231AA680009CEC96 /* Restaurant */,
			);
		};
/* End PBXProject section */

/* Begin PBXResourcesBuildPhase section */
		52365C2E231AA680009CEC96 /* Resources */ = {
			isa = PBXResourcesBuildPhase;
			buildActionMask = 2147483647;
			files = (
				52365C3E231AA682009CEC96 /* LaunchScreen.storyboard in Resources */,
				52365C3B231AA682009CEC96 /* Assets.xcassets in Resources */,
				52365C39231AA680009CEC96 /* Main.storyboard in Resources */,
			);
			runOnlyForDeploymentPostprocessing = 0;
		};
/* End PBXResourcesBuildPhase section */

/* Begin PBXSourcesBuildPhase section */
		52365C2C231AA680009CEC96 /* Sources */ = {
			isa = PBXSourcesBuildPhase;
			buildActionMask = 2147483647;
			files = (
				520D02AA231C606700E9B49F /* ItemViewController.swift in Sources */,
				52365C50231B05C9009CEC96 /* CategoryTableViewController.swift in Sources */,
				52947882231BC19800E14DF0 /* MenuTableViewController.swift in Sources */,
				52365C4E231AB091009CEC96 /* NetworkManager.swift in Sources */,
				52EFAF37231FB0CF00345692 /* OrderConfirmationViewController.swift in Sources */,
				52365C34231AA680009CEC96 /* AppDelegate.swift in Sources */,
				5275EAF8231B2E1F0061DC28 /* URL + Extension.swift in Sources */,
				5230D7DB231EE7D000BC7F61 /* Order.swift in Sources */,
				52EFAF3B231FD4BF00345692 /* PreperationTime.swift in Sources */,
				5275EAF3231B2A5D0061DC28 /* MenuItem.swift in Sources */,
				5275EAF5231B2A970061DC28 /* MenuItems.swift in Sources */,
				52EFAF39231FB79100345692 /* Double + Extension.swift in Sources */,
				52365C4B231AAF93009CEC96 /* Categories.swift in Sources */,
				5230D7D9231EE76000BC7F61 /* OrderTableViewController.swift in Sources */,
				52365C52231B0F4C009CEC96 /* CellManager.swift in Sources */,
				5230D7DD231F115000BC7F61 /* OrderManager.swift in Sources */,
			);
			runOnlyForDeploymentPostprocessing = 0;
		};
/* End PBXSourcesBuildPhase section */

/* Begin PBXVariantGroup section */
		52365C37231AA680009CEC96 /* Main.storyboard */ = {
			isa = PBXVariantGroup;
			children = (
				52365C38231AA680009CEC96 /* Base */,
			);
			name = Main.storyboard;
			sourceTree = "<group>";
		};
		52365C3C231AA682009CEC96 /* LaunchScreen.storyboard */ = {
			isa = PBXVariantGroup;
			children = (
				52365C3D231AA682009CEC96 /* Base */,
			);
			name = LaunchScreen.storyboard;
			sourceTree = "<group>";
		};
/* End PBXVariantGroup section */

/* Begin XCBuildConfiguration section */
		52365C40231AA682009CEC96 /* Debug */ = {
			isa = XCBuildConfiguration;
			buildSettings = {
				ALWAYS_SEARCH_USER_PATHS = NO;
				CLANG_ANALYZER_NONNULL = YES;
				CLANG_ANALYZER_NUMBER_OBJECT_CONVERSION = YES_AGGRESSIVE;
				CLANG_CXX_LANGUAGE_STANDARD = "gnu++14";
				CLANG_CXX_LIBRARY = "libc++";
				CLANG_ENABLE_MODULES = YES;
				CLANG_ENABLE_OBJC_ARC = YES;
				CLANG_ENABLE_OBJC_WEAK = YES;
				CLANG_WARN_BLOCK_CAPTURE_AUTORELEASING = YES;
				CLANG_WARN_BOOL_CONVERSION = YES;
				CLANG_WARN_COMMA = YES;
				CLANG_WARN_CONSTANT_CONVERSION = YES;
				CLANG_WARN_DEPRECATED_OBJC_IMPLEMENTATIONS = YES;
				CLANG_WARN_DIRECT_OBJC_ISA_USAGE = YES_ERROR;
				CLANG_WARN_DOCUMENTATION_COMMENTS = YES;
				CLANG_WARN_EMPTY_BODY = YES;
				CLANG_WARN_ENUM_CONVERSION = YES;
				CLANG_WARN_INFINITE_RECURSION = YES;
				CLANG_WARN_INT_CONVERSION = YES;
				CLANG_WARN_NON_LITERAL_NULL_CONVERSION = YES;
				CLANG_WARN_OBJC_IMPLICIT_RETAIN_SELF = YES;
				CLANG_WARN_OBJC_LITERAL_CONVERSION = YES;
				CLANG_WARN_OBJC_ROOT_CLASS = YES_ERROR;
				CLANG_WARN_RANGE_LOOP_ANALYSIS = YES;
				CLANG_WARN_STRICT_PROTOTYPES = YES;
				CLANG_WARN_SUSPICIOUS_MOVE = YES;
				CLANG_WARN_UNGUARDED_AVAILABILITY = YES_AGGRESSIVE;
				CLANG_WARN_UNREACHABLE_CODE = YES;
				CLANG_WARN__DUPLICATE_METHOD_MATCH = YES;
				CODE_SIGN_IDENTITY = "iPhone Developer";
				COPY_PHASE_STRIP = NO;
				DEBUG_INFORMATION_FORMAT = dwarf;
				ENABLE_STRICT_OBJC_MSGSEND = YES;
				ENABLE_TESTABILITY = YES;
				GCC_C_LANGUAGE_STANDARD = gnu11;
				GCC_DYNAMIC_NO_PIC = NO;
				GCC_NO_COMMON_BLOCKS = YES;
				GCC_OPTIMIZATION_LEVEL = 0;
				GCC_PREPROCESSOR_DEFINITIONS = (
					"DEBUG=1",
					"$(inherited)",
				);
				GCC_WARN_64_TO_32_BIT_CONVERSION = YES;
				GCC_WARN_ABOUT_RETURN_TYPE = YES_ERROR;
				GCC_WARN_UNDECLARED_SELECTOR = YES;
				GCC_WARN_UNINITIALIZED_AUTOS = YES_AGGRESSIVE;
				GCC_WARN_UNUSED_FUNCTION = YES;
				GCC_WARN_UNUSED_VARIABLE = YES;
				IPHONEOS_DEPLOYMENT_TARGET = 12.4;
				MTL_ENABLE_DEBUG_INFO = INCLUDE_SOURCE;
				MTL_FAST_MATH = YES;
				ONLY_ACTIVE_ARCH = YES;
				SDKROOT = iphoneos;
				SWIFT_ACTIVE_COMPILATION_CONDITIONS = DEBUG;
				SWIFT_OPTIMIZATION_LEVEL = "-Onone";
			};
			name = Debug;
		};
		52365C41231AA682009CEC96 /* Release */ = {
			isa = XCBuildConfiguration;
			buildSettings = {
				ALWAYS_SEARCH_USER_PATHS = NO;
				CLANG_ANALYZER_NONNULL = YES;
				CLANG_ANALYZER_NUMBER_OBJECT_CONVERSION = YES_AGGRESSIVE;
				CLANG_CXX_LANGUAGE_STANDARD = "gnu++14";
				CLANG_CXX_LIBRARY = "libc++";
				CLANG_ENABLE_MODULES = YES;
				CLANG_ENABLE_OBJC_ARC = YES;
				CLANG_ENABLE_OBJC_WEAK = YES;
				CLANG_WARN_BLOCK_CAPTURE_AUTORELEASING = YES;
				CLANG_WARN_BOOL_CONVERSION = YES;
				CLANG_WARN_COMMA = YES;
				CLANG_WARN_CONSTANT_CONVERSION = YES;
				CLANG_WARN_DEPRECATED_OBJC_IMPLEMENTATIONS = YES;
				CLANG_WARN_DIRECT_OBJC_ISA_USAGE = YES_ERROR;
				CLANG_WARN_DOCUMENTATION_COMMENTS = YES;
				CLANG_WARN_EMPTY_BODY = YES;
				CLANG_WARN_ENUM_CONVERSION = YES;
				CLANG_WARN_INFINITE_RECURSION = YES;
				CLANG_WARN_INT_CONVERSION = YES;
				CLANG_WARN_NON_LITERAL_NULL_CONVERSION = YES;
				CLANG_WARN_OBJC_IMPLICIT_RETAIN_SELF = YES;
				CLANG_WARN_OBJC_LITERAL_CONVERSION = YES;
				CLANG_WARN_OBJC_ROOT_CLASS = YES_ERROR;
				CLANG_WARN_RANGE_LOOP_ANALYSIS = YES;
				CLANG_WARN_STRICT_PROTOTYPES = YES;
				CLANG_WARN_SUSPICIOUS_MOVE = YES;
				CLANG_WARN_UNGUARDED_AVAILABILITY = YES_AGGRESSIVE;
				CLANG_WARN_UNREACHABLE_CODE = YES;
				CLANG_WARN__DUPLICATE_METHOD_MATCH = YES;
				CODE_SIGN_IDENTITY = "iPhone Developer";
				COPY_PHASE_STRIP = NO;
				DEBUG_INFORMATION_FORMAT = "dwarf-with-dsym";
				ENABLE_NS_ASSERTIONS = NO;
				ENABLE_STRICT_OBJC_MSGSEND = YES;
				GCC_C_LANGUAGE_STANDARD = gnu11;
				GCC_NO_COMMON_BLOCKS = YES;
				GCC_WARN_64_TO_32_BIT_CONVERSION = YES;
				GCC_WARN_ABOUT_RETURN_TYPE = YES_ERROR;
				GCC_WARN_UNDECLARED_SELECTOR = YES;
				GCC_WARN_UNINITIALIZED_AUTOS = YES_AGGRESSIVE;
				GCC_WARN_UNUSED_FUNCTION = YES;
				GCC_WARN_UNUSED_VARIABLE = YES;
				IPHONEOS_DEPLOYMENT_TARGET = 12.4;
				MTL_ENABLE_DEBUG_INFO = NO;
				MTL_FAST_MATH = YES;
				SDKROOT = iphoneos;
				SWIFT_COMPILATION_MODE = wholemodule;
				SWIFT_OPTIMIZATION_LEVEL = "-O";
				VALIDATE_PRODUCT = YES;
			};
			name = Release;
		};
		52365C43231AA682009CEC96 /* Debug */ = {
			isa = XCBuildConfiguration;
			buildSettings = {
				ASSETCATALOG_COMPILER_APPICON_NAME = AppIcon;
				CODE_SIGN_STYLE = Automatic;
				DEVELOPMENT_TEAM = 5K285D3RL3;
				INFOPLIST_FILE = "$(SRCROOT)/Restaurant/App/Info.plist";
				LD_RUNPATH_SEARCH_PATHS = (
					"$(inherited)",
					"@executable_path/Frameworks",
				);
				PRODUCT_BUNDLE_IDENTIFIER = "John-Kostanov.Restaurant";
				PRODUCT_NAME = "$(TARGET_NAME)";
				SWIFT_VERSION = 5.0;
				TARGETED_DEVICE_FAMILY = "1,2";
			};
			name = Debug;
		};
		52365C44231AA682009CEC96 /* Release */ = {
			isa = XCBuildConfiguration;
			buildSettings = {
				ASSETCATALOG_COMPILER_APPICON_NAME = AppIcon;
				CODE_SIGN_STYLE = Automatic;
				DEVELOPMENT_TEAM = 5K285D3RL3;
				INFOPLIST_FILE = "$(SRCROOT)/Restaurant/App/Info.plist";
				LD_RUNPATH_SEARCH_PATHS = (
					"$(inherited)",
					"@executable_path/Frameworks",
				);
				PRODUCT_BUNDLE_IDENTIFIER = "John-Kostanov.Restaurant";
				PRODUCT_NAME = "$(TARGET_NAME)";
				SWIFT_VERSION = 5.0;
				TARGETED_DEVICE_FAMILY = "1,2";
			};
			name = Release;
		};
/* End XCBuildConfiguration section */

/* Begin XCConfigurationList section */
		52365C2B231AA680009CEC96 /* Build configuration list for PBXProject "Restaurant" */ = {
			isa = XCConfigurationList;
			buildConfigurations = (
				52365C40231AA682009CEC96 /* Debug */,
				52365C41231AA682009CEC96 /* Release */,
			);
			defaultConfigurationIsVisible = 0;
			defaultConfigurationName = Release;
		};
		52365C42231AA682009CEC96 /* Build configuration list for PBXNativeTarget "Restaurant" */ = {
			isa = XCConfigurationList;
			buildConfigurations = (
				52365C43231AA682009CEC96 /* Debug */,
				52365C44231AA682009CEC96 /* Release */,
			);
			defaultConfigurationIsVisible = 0;
			defaultConfigurationName = Release;
		};
/* End XCConfigurationList section */
	};
	rootObject = 52365C28231AA680009CEC96 /* Project object */;
}
